{
  "version": 4,
  "terraform_version": "1.1.6",
  "serial": 473,
  "lineage": "6e60bb50-faf1-e96d-eab6-bf5492e0f5aa",
  "outputs": {},
  "resources": [
    {
      "mode": "managed",
      "type": "aws_db_option_group",
      "name": "example",
      "provider": "provider[\"registry.terraform.io/hashicorp/aws\"]",
      "instances": [
        {
          "schema_version": 0,
          "attributes": {
            "arn": "arn:aws:rds:ap-northeast-1:794227485648:og:example",
            "engine_name": "mysql",
            "id": "example",
            "major_engine_version": "5.7",
            "name": "example",
            "name_prefix": null,
            "option": [
              {
                "db_security_group_memberships": [],
                "option_name": "MARIADB_AUDIT_PLUGIN",
                "option_settings": [],
                "port": 0,
                "version": "",
                "vpc_security_group_memberships": []
              }
            ],
            "option_group_description": "Managed by Terraform",
            "tags": {},
            "tags_all": {},
            "timeouts": null
          },
          "sensitive_attributes": [],
          "private": "eyJlMmJmYjczMC1lY2FhLTExZTYtOGY4OC0zNDM2M2JjN2M0YzAiOnsiZGVsZXRlIjo5MDAwMDAwMDAwMDB9fQ=="
        }
      ]
    }
  ]
}
